
Microsoft Visual Studio Solution File, Format Version 12.00
# Visual Studio Version 17
VisualStudioVersion = 17.7.34024.191
MinimumVisualStudioVersion = 10.0.40219.1
Project("{FAE04EC0-301F-11D3-BF4B-00C04F79EFBC}") = "TelephoneUpdates.API", "TelephoneUpdates.API.csproj", "{4B4B151E-2C43-4ECB-96F4-1667AA5CE683}"
EndProject
Global
	GlobalSection(SolutionConfigurationPlatforms) = preSolution
		Debug|Any CPU = Debug|Any CPU
		Release|Any CPU = Release|Any CPU
	EndGlobalSection
	GlobalSection(ProjectConfigurationPlatforms) = postSolution
		{4B4B151E-2C43-4ECB-96F4-1667AA5CE683}.Debug|Any CPU.ActiveCfg = Debug|Any CPU
		{4B4B151E-2C43-4ECB-96F4-1667AA5CE683}.Debug|Any CPU.Build.0 = Debug|Any CPU
		{4B4B151E-2C43-4ECB-96F4-1667AA5CE683}.Release|Any CPU.ActiveCfg = Release|Any CPU
		{4B4B151E-2C43-4ECB-96F4-1667AA5CE683}.Release|Any CPU.Build.0 = Release|Any CPU
	EndGlobalSection
	GlobalSection(SolutionProperties) = preSolution
		HideSolutionNode = FALSE
	EndGlobalSection
	GlobalSection(ExtensibilityGlobals) = postSolution
		SolutionGuid = {A17E09DE-00F6-4952-8ACD-B2DACED0FB80}
	EndGlobalSection
EndGlobal
